
Microsoft Visual Studio Solution File, Format Version 12.00
# Visual Studio Version 16
VisualStudioVersion = 16.0.30803.129
MinimumVisualStudioVersion = 10.0.40219.1
Project("{FAE04EC0-301F-11D3-BF4B-00C04F79EFBC}") = "IEnumerableEfeitoColateral", "IEnumerableEfeitoColateral\IEnumerableEfeitoColateral.csproj", "{F75902C6-14CF-45A5-B176-4B81D2D470BF}"
EndProject
Global
	GlobalSection(SolutionConfigurationPlatforms) = preSolution
		Debug|Any CPU = Debug|Any CPU
		Release|Any CPU = Release|Any CPU
	EndGlobalSection
	GlobalSection(ProjectConfigurationPlatforms) = postSolution
		{F75902C6-14CF-45A5-B176-4B81D2D470BF}.Debug|Any CPU.ActiveCfg = Debug|Any CPU
		{F75902C6-14CF-45A5-B176-4B81D2D470BF}.Debug|Any CPU.Build.0 = Debug|Any CPU
		{F75902C6-14CF-45A5-B176-4B81D2D470BF}.Release|Any CPU.ActiveCfg = Release|Any CPU
		{F75902C6-14CF-45A5-B176-4B81D2D470BF}.Release|Any CPU.Build.0 = Release|Any CPU
	EndGlobalSection
	GlobalSection(SolutionProperties) = preSolution
		HideSolutionNode = FALSE
	EndGlobalSection
	GlobalSection(ExtensibilityGlobals) = postSolution
		SolutionGuid = {5793DDAA-4E87-44FA-900B-F9BBDA12D89C}
	EndGlobalSection
EndGlobal
